<?xml version="1.0" encoding="utf-8"?>
<Project ToolsVersion="4.0" xmlns="http://schemas.microsoft.com/developer/msbuild/2003">
  <ItemGroup>
    <Filter Include="GammaEngine">
      <UniqueIdentifier>{DE93EA74-4A49-636A-D33D-5D413FF2596E}</UniqueIdentifier>
    </Filter>
    <Filter Include="GammaEngine\Events">
      <UniqueIdentifier>{027A7303-EE5D-3459-57BE-2EAC43C11EDB}</UniqueIdentifier>
    </Filter>
  </ItemGroup>
  <ItemGroup>
    <ClInclude Include="src\GammaEngine.h" />
    <ClInclude Include="src\GammaEngine\Application.h">
      <Filter>GammaEngine</Filter>
    </ClInclude>
    <ClInclude Include="src\GammaEngine\Core.h">
      <Filter>GammaEngine</Filter>
    </ClInclude>
    <ClInclude Include="src\GammaEngine\EntryPoint.h">
      <Filter>GammaEngine</Filter>
    </ClInclude>
    <ClInclude Include="src\GammaEngine\Events\ApplicationEvent.h">
      <Filter>GammaEngine\Events</Filter>
    </ClInclude>
    <ClInclude Include="src\GammaEngine\Events\Event.h">
      <Filter>GammaEngine\Events</Filter>
    </ClInclude>
    <ClInclude Include="src\GammaEngine\Events\KeyEvent.h">
      <Filter>GammaEngine\Events</Filter>
    </ClInclude>
    <ClInclude Include="src\GammaEngine\Events\MouseEvent.h">
      <Filter>GammaEngine\Events</Filter>
    </ClInclude>
    <ClInclude Include="src\GammaEngine\Log.h">
      <Filter>GammaEngine</Filter>
    </ClInclude>
    <ClInclude Include="src\gammaenginepzh.h" />
  </ItemGroup>
  <ItemGroup>
    <ClCompile Include="src\GammaEngine\Application.cpp">
      <Filter>GammaEngine</Filter>
    </ClCompile>
    <ClCompile Include="src\GammaEngine\Log.cpp">
      <Filter>GammaEngine</Filter>
    </ClCompile>
    <ClCompile Include="src\gammaenginepzh.cpp" />
  </ItemGroup>
</Project>