<?xml version="1.0" encoding="utf-8"?>
<Project ToolsVersion="4.0" xmlns="http://schemas.microsoft.com/developer/msbuild/2003">
  <ItemGroup>
    <Filter Include="GammaEngine">
      <UniqueIdentifier>{DE93EA74-4A49-636A-D33D-5D413FF2596E}</UniqueIdentifier>
    </Filter>
    <Filter Include="GammaEngine\Events">
      <UniqueIdentifier>{027A7303-EE5D-3459-57BE-2EAC43C11EDB}</UniqueIdentifier>
    </Filter>
    <Filter Include="GammaEngine\ImGui">
      <UniqueIdentifier>{88F755E1-F40D-5477-3D85-DF98A9DA24FF}</UniqueIdentifier>
    </Filter>
    <Filter Include="Platform">
      <UniqueIdentifier>{2AC788B4-1694-E3BF-3FAD-D1672BD9184E}</UniqueIdentifier>
    </Filter>
    <Filter Include="Platform\OpenGL">
      <UniqueIdentifier>{1E7D2C1D-8A08-9AE1-9319-1DD6FF23F6E1}</UniqueIdentifier>
    </Filter>
    <Filter Include="Platform\Windows">
      <UniqueIdentifier>{64FBD71A-50F4-F66C-7926-DCF1657ED678}</UniqueIdentifier>
    </Filter>
  </ItemGroup>
  <ItemGroup>
    <ClInclude Include="src\GammaEngine.h" />
    <ClInclude Include="src\GammaEngine\Application.h">
      <Filter>GammaEngine</Filter>
    </ClInclude>
    <ClInclude Include="src\GammaEngine\Core.h">
      <Filter>GammaEngine</Filter>
    </ClInclude>
    <ClInclude Include="src\GammaEngine\EntryPoint.h">
      <Filter>GammaEngine</Filter>
    </ClInclude>
    <ClInclude Include="src\GammaEngine\Events\ApplicationEvent.h">
      <Filter>GammaEngine\Events</Filter>
    </ClInclude>
    <ClInclude Include="src\GammaEngine\Events\Event.h">
      <Filter>GammaEngine\Events</Filter>
    </ClInclude>
    <ClInclude Include="src\GammaEngine\Events\KeyEvent.h">
      <Filter>GammaEngine\Events</Filter>
    </ClInclude>
    <ClInclude Include="src\GammaEngine\Events\MouseEvent.h">
      <Filter>GammaEngine\Events</Filter>
    </ClInclude>
    <ClInclude Include="src\GammaEngine\ImGui\ImGuiLayer.h">
      <Filter>GammaEngine\ImGui</Filter>
    </ClInclude>
    <ClInclude Include="src\GammaEngine\Layer.h">
      <Filter>GammaEngine</Filter>
    </ClInclude>
    <ClInclude Include="src\GammaEngine\LayerStack.h">
      <Filter>GammaEngine</Filter>
    </ClInclude>
    <ClInclude Include="src\GammaEngine\Log.h">
      <Filter>GammaEngine</Filter>
    </ClInclude>
    <ClInclude Include="src\GammaEngine\Window.h">
      <Filter>GammaEngine</Filter>
    </ClInclude>
    <ClInclude Include="src\Platform\OpenGL\ImGuiOpenGLRenderer.h">
      <Filter>Platform\OpenGL</Filter>
    </ClInclude>
    <ClInclude Include="src\Platform\Windows\WindowsWindow.h">
      <Filter>Platform\Windows</Filter>
    </ClInclude>
    <ClInclude Include="src\gammaenginepch.h" />
    <ClInclude Include="src\Platform\Windows\WindowsInput.h" />
    <ClInclude Include="src\GammaEngine\Input.h" />
    <ClInclude Include="src\GammaEngine\KeyCodes.h" />
    <ClInclude Include="src\GammaEngine\MouseButtonCodes.h" />
  </ItemGroup>
  <ItemGroup>
    <ClCompile Include="src\GammaEngine\Application.cpp">
      <Filter>GammaEngine</Filter>
    </ClCompile>
    <ClCompile Include="src\GammaEngine\ImGui\ImGuiLayer.cpp">
      <Filter>GammaEngine\ImGui</Filter>
    </ClCompile>
    <ClCompile Include="src\GammaEngine\Layer.cpp">
      <Filter>GammaEngine</Filter>
    </ClCompile>
    <ClCompile Include="src\GammaEngine\LayerStack.cpp">
      <Filter>GammaEngine</Filter>
    </ClCompile>
    <ClCompile Include="src\GammaEngine\Log.cpp">
      <Filter>GammaEngine</Filter>
    </ClCompile>
    <ClCompile Include="src\Platform\OpenGL\ImGuiOpenGLRenderer.cpp">
      <Filter>Platform\OpenGL</Filter>
    </ClCompile>
    <ClCompile Include="src\Platform\Windows\WindowsWindow.cpp">
      <Filter>Platform\Windows</Filter>
    </ClCompile>
    <ClCompile Include="src\gammaenginepch.cpp" />
    <ClCompile Include="src\Platform\Windows\WindowsInput.cpp" />
  </ItemGroup>
</Project>