
Microsoft Visual Studio Solution File, Format Version 12.00
# Visual Studio Version 17
VisualStudioVersion = 17.1.32407.343
MinimumVisualStudioVersion = 10.0.40219.1
Project("{8BC9CEB8-8B4A-11D0-8D11-00A0C91BC942}") = "Sandbox", "..\Sandbox\Sandbox.vcxproj", "{2B9764D1-207E-4ACD-A5FB-4616D5C5095E}"
EndProject
Project("{8BC9CEB8-8B4A-11D0-8D11-00A0C91BC942}") = "GammaEngine", "GammaEngine.vcxproj", "{B9316DE8-2741-44A6-8B66-CFDFC12944CD}"
EndProject
Global
	GlobalSection(SolutionConfigurationPlatforms) = preSolution
		Debug|x64 = Debug|x64
		Release|x64 = Release|x64
	EndGlobalSection
	GlobalSection(ProjectConfigurationPlatforms) = postSolution
		{B9316DE8-2741-44A6-8B66-CFDFC12944CD}.Debug|x64.ActiveCfg = Debug|x64
		{B9316DE8-2741-44A6-8B66-CFDFC12944CD}.Debug|x64.Build.0 = Debug|x64
		{B9316DE8-2741-44A6-8B66-CFDFC12944CD}.Release|x64.ActiveCfg = Release|x64
		{B9316DE8-2741-44A6-8B66-CFDFC12944CD}.Release|x64.Build.0 = Release|x64
		{2B9764D1-207E-4ACD-A5FB-4616D5C5095E}.Debug|x64.ActiveCfg = Debug|x64
		{2B9764D1-207E-4ACD-A5FB-4616D5C5095E}.Debug|x64.Build.0 = Debug|x64
		{2B9764D1-207E-4ACD-A5FB-4616D5C5095E}.Release|x64.ActiveCfg = Release|x64
		{2B9764D1-207E-4ACD-A5FB-4616D5C5095E}.Release|x64.Build.0 = Release|x64
	EndGlobalSection
	GlobalSection(SolutionProperties) = preSolution
		HideSolutionNode = FALSE
	EndGlobalSection
	GlobalSection(ExtensibilityGlobals) = postSolution
		SolutionGuid = {F3EE59B6-AA62-4998-B906-CE5A44BCC641}
	EndGlobalSection
EndGlobal
